
Microsoft Visual Studio Solution File, Format Version 12.00
# Visual Studio Version 16
VisualStudioVersion = 16.0.31410.357
MinimumVisualStudioVersion = 10.0.40219.1
Project("{FAE04EC0-301F-11D3-BF4B-00C04F79EFBC}") = "pu-012-ADO.NET-intro", "pu-012-ADO.NET-intro\pu-012-ADO.NET-intro.csproj", "{51F20EAB-21A5-4CB4-B318-DDC9776A2EDB}"
EndProject
Global
	GlobalSection(SolutionConfigurationPlatforms) = preSolution
		Debug|Any CPU = Debug|Any CPU
		Release|Any CPU = Release|Any CPU
	EndGlobalSection
	GlobalSection(ProjectConfigurationPlatforms) = postSolution
		{51F20EAB-21A5-4CB4-B318-DDC9776A2EDB}.Debug|Any CPU.ActiveCfg = Debug|Any CPU
		{51F20EAB-21A5-4CB4-B318-DDC9776A2EDB}.Debug|Any CPU.Build.0 = Debug|Any CPU
		{51F20EAB-21A5-4CB4-B318-DDC9776A2EDB}.Release|Any CPU.ActiveCfg = Release|Any CPU
		{51F20EAB-21A5-4CB4-B318-DDC9776A2EDB}.Release|Any CPU.Build.0 = Release|Any CPU
	EndGlobalSection
	GlobalSection(SolutionProperties) = preSolution
		HideSolutionNode = FALSE
	EndGlobalSection
	GlobalSection(ExtensibilityGlobals) = postSolution
		SolutionGuid = {BF6A4BEC-2957-4FA7-97D3-4D0D4801D6C3}
	EndGlobalSection
EndGlobal
