
Microsoft Visual Studio Solution File, Format Version 12.00
# Visual Studio Version 16
VisualStudioVersion = 16.0.31410.357
MinimumVisualStudioVersion = 10.0.40219.1
Project("{FAE04EC0-301F-11D3-BF4B-00C04F79EFBC}") = "ADO.NET DataSet", "ADO.NET DataSet\ADO.NET DataSet.csproj", "{BE6C093D-872D-48E0-8080-BBD4E5FB98CE}"
EndProject
Global
	GlobalSection(SolutionConfigurationPlatforms) = preSolution
		Debug|Any CPU = Debug|Any CPU
		Release|Any CPU = Release|Any CPU
	EndGlobalSection
	GlobalSection(ProjectConfigurationPlatforms) = postSolution
		{BE6C093D-872D-48E0-8080-BBD4E5FB98CE}.Debug|Any CPU.ActiveCfg = Debug|Any CPU
		{BE6C093D-872D-48E0-8080-BBD4E5FB98CE}.Debug|Any CPU.Build.0 = Debug|Any CPU
		{BE6C093D-872D-48E0-8080-BBD4E5FB98CE}.Release|Any CPU.ActiveCfg = Release|Any CPU
		{BE6C093D-872D-48E0-8080-BBD4E5FB98CE}.Release|Any CPU.Build.0 = Release|Any CPU
	EndGlobalSection
	GlobalSection(SolutionProperties) = preSolution
		HideSolutionNode = FALSE
	EndGlobalSection
	GlobalSection(ExtensibilityGlobals) = postSolution
		SolutionGuid = {8B5BF738-FC3E-4096-805D-20735609DF35}
	EndGlobalSection
EndGlobal
